Microsoft Visual Studio Solution File, Format Version 12.00
# Visual Studio Version 17
VisualStudioVersion = 17.5.2.0
MinimumVisualStudioVersion = 10.0.40219.1
Project("{FAE04EC0-301F-11D3-BF4B-00C04F79EFBC}") = "Pokedex-Api", "Pokedex-Api.csproj", "{95824BC4-E7DF-B2CA-D88B-90D8D17C1502}"
EndProject
Global
	GlobalSection(SolutionConfigurationPlatforms) = preSolution
		Debug|Any CPU = Debug|Any CPU
		Release|Any CPU = Release|Any CPU
	EndGlobalSection
	GlobalSection(ProjectConfigurationPlatforms) = postSolution
		{95824BC4-E7DF-B2CA-D88B-90D8D17C1502}.Debug|Any CPU.ActiveCfg = Debug|Any CPU
		{95824BC4-E7DF-B2CA-D88B-90D8D17C1502}.Debug|Any CPU.Build.0 = Debug|Any CPU
		{95824BC4-E7DF-B2CA-D88B-90D8D17C1502}.Release|Any CPU.ActiveCfg = Release|Any CPU
		{95824BC4-E7DF-B2CA-D88B-90D8D17C1502}.Release|Any CPU.Build.0 = Release|Any CPU
	EndGlobalSection
	GlobalSection(SolutionProperties) = preSolution
		HideSolutionNode = FALSE
	EndGlobalSection
	GlobalSection(ExtensibilityGlobals) = postSolution
		SolutionGuid = {AB1B978F-0971-4069-A5E2-476DDB45F95C}
	EndGlobalSection
EndGlobal
